
Microsoft Visual Studio Solution File, Format Version 12.00
# Visual Studio Version 17
VisualStudioVersion = 17.11.35327.3
MinimumVisualStudioVersion = 10.0.40219.1
Project("{FAE04EC0-301F-11D3-BF4B-00C04F79EFBC}") = "EventsApp", "EventsApp\EventsApp.csproj", "{70B2965E-E765-4694-A7D7-37765D5F64E0}"
EndProject
Global
	GlobalSection(SolutionConfigurationPlatforms) = preSolution
		Debug|Any CPU = Debug|Any CPU
		Release|Any CPU = Release|Any CPU
	EndGlobalSection
	GlobalSection(ProjectConfigurationPlatforms) = postSolution
		{70B2965E-E765-4694-A7D7-37765D5F64E0}.Debug|Any CPU.ActiveCfg = Debug|Any CPU
		{70B2965E-E765-4694-A7D7-37765D5F64E0}.Debug|Any CPU.Build.0 = Debug|Any CPU
		{70B2965E-E765-4694-A7D7-37765D5F64E0}.Release|Any CPU.ActiveCfg = Release|Any CPU
		{70B2965E-E765-4694-A7D7-37765D5F64E0}.Release|Any CPU.Build.0 = Release|Any CPU
	EndGlobalSection
	GlobalSection(SolutionProperties) = preSolution
		HideSolutionNode = FALSE
	EndGlobalSection
	GlobalSection(ExtensibilityGlobals) = postSolution
		SolutionGuid = {1F8FC523-2864-4E66-AFC9-7C22289A3464}
	EndGlobalSection
EndGlobal
